{
  "name": "altv-server",
  "version": "1.0.0",
  "lockfileVersion": 3,
  "requires": true,
  "packages": {
    "": {
      "name": "altv-server",
      "version": "1.0.0",
      "license": "ISC",
      "devDependencies": {
        "@altv/types-client": "^16.2.1",
        "@altv/types-server": "^16.2.0"
      }
    },
    "node_modules/@altv/types-client": {
      "version": "16.2.1",
      "resolved": "https://registry.npmjs.org/@altv/types-client/-/types-client-16.2.1.tgz",
      "integrity": "sha512-XhCF3c8nFC4D6cRHQ2heKDBBNKTVg9H2BaG6ZReqkTRYgSbIwit0V7mq/DYApZ4a/Eg+SuktK2FLOF8LeJtAoA==",
      "dev": true,
      "peerDependencies": {
        "@altv/types-shared": "^16.2.0",
        "@altv/types-worker": "^16.2.0"
      }
    },
    "node_modules/@altv/types-server": {
      "version": "16.2.0",
      "resolved": "https://registry.npmjs.org/@altv/types-server/-/types-server-16.2.0.tgz",
      "integrity": "sha512-AVxOpTedU7akqW7gs9Oprq05eCw/qfCBwMl9Y9RkkgmK5EtlvJ9ibNIkvfWrMuWCarmKW1U9XvhiPvoHEbPQ9w==",
      "dev": true,
      "peerDependencies": {
        "@altv/types-shared": "^16.2.0"
      }
    },
    "node_modules/@altv/types-shared": {
      "version": "16.2.0",
      "resolved": "https://registry.npmjs.org/@altv/types-shared/-/types-shared-16.2.0.tgz",
      "integrity": "sha512-LNd9t/iBRF5QWwgY4TywszEcB7hwcH8u9oazYSCxVjuBMrvvgg1YXS3md4NcaAm2KtQIHnD5NEDHTY1ESjiJ9A==",
      "dev": true,
      "peer": true
    },
    "node_modules/@altv/types-worker": {
      "version": "16.2.0",
      "resolved": "https://registry.npmjs.org/@altv/types-worker/-/types-worker-16.2.0.tgz",
      "integrity": "sha512-l2cy7xFn4QE+XCHJyu1dJB8cziwAfi4x4S8JbpymRAAnXkMHvrZixjpyeUzNRnQGn4dNhQz6QLyUYx+LEXDtyA==",
      "dev": true,
      "peer": true,
      "peerDependencies": {
        "@altv/types-client": "^16.2.0"
      }
    }
  }
}
